# This file is @generated by PDM.
# It is not intended for manual editing.

[metadata]
groups = ["default", "dev"]
strategy = ["inherit_metadata"]
lock_version = "4.5.0"
content_hash = "sha256:bdf6b53dd23b95bee8dfe21bc083fb18bcf4a55dc294beb48bcada2b87b59cb1"

[[metadata.targets]]
requires_python = ">=3.13.0"

[[package]]
name = "asgiref"
version = "3.11.0"
requires_python = ">=3.9"
summary = "ASGI specs, helper code, and adapters"
groups = ["default"]
dependencies = [
    "typing-extensions>=4; python_version < \"3.11\"",
]
files = [
    {file = "asgiref-3.11.0-py3-none-any.whl", hash = "sha256:1db9021efadb0d9512ce8ffaf72fcef601c7b73a8807a1bb2ef143dc6b14846d"},
    {file = "asgiref-3.11.0.tar.gz", hash = "sha256:13acff32519542a1736223fb79a715acdebe24286d98e8b164a73085f40da2c4"},
]

[[package]]
name = "click"
version = "8.3.1"
requires_python = ">=3.10"
summary = "Composable command line interface toolkit"
groups = ["dev"]
dependencies = [
    "colorama; platform_system == \"Windows\"",
]
files = [
    {file = "click-8.3.1-py3-none-any.whl", hash = "sha256:981153a64e25f12d547d3426c367a4857371575ee7ad18df2a6183ab0545b2a6"},
    {file = "click-8.3.1.tar.gz", hash = "sha256:12ff4785d337a1bb490bb7e9c2b1ee5da3112e94a8622f26a6c77f5d2fc6842a"},
]

[[package]]
name = "colorama"
version = "0.4.6"
requires_python = "!=3.0.*,!=3.1.*,!=3.2.*,!=3.3.*,!=3.4.*,!=3.5.*,!=3.6.*,>=2.7"
summary = "Cross-platform colored terminal text."
groups = ["dev"]
files = [
    {file = "colorama-0.4.6-py2.py3-none-any.whl", hash = "sha256:4f1d9991f5acc0ca119f9d443620b77f9d6b33703e51011c16baf57afb285fc6"},
    {file = "colorama-0.4.6.tar.gz", hash = "sha256:08695f5cb7ed6e0531a20572697297273c47b8cae5a63ffc6d6ed5c201be6e44"},
]

[[package]]
name = "cssbeautifier"
version = "1.15.4"
summary = "CSS unobfuscator and beautifier."
groups = ["dev"]
dependencies = [
    "editorconfig>=0.12.2",
    "jsbeautifier",
    "six>=1.13.0",
]
files = [
    {file = "cssbeautifier-1.15.4-py3-none-any.whl", hash = "sha256:78c84d5e5378df7d08622bbd0477a1abdbd209680e95480bf22f12d5701efc98"},
    {file = "cssbeautifier-1.15.4.tar.gz", hash = "sha256:9bb08dc3f64c101a01677f128acf01905914cf406baf87434dcde05b74c0acf5"},
]

[[package]]
name = "django"
version = "6.0.1"
requires_python = ">=3.12"
summary = "A high-level Python web framework that encourages rapid development and clean, pragmatic design."
groups = ["default"]
dependencies = [
    "asgiref>=3.9.1",
    "sqlparse>=0.5.0",
    "tzdata; sys_platform == \"win32\"",
]
files = [
    {file = "django-6.0.1-py3-none-any.whl", hash = "sha256:a92a4ff14f664a896f9849009cb8afaca7abe0d6fc53325f3d1895a15253433d"},
    {file = "django-6.0.1.tar.gz", hash = "sha256:ed76a7af4da21551573b3d9dfc1f53e20dd2e6c7d70a3adc93eedb6338130a5f"},
]

[[package]]
name = "djlint"
version = "1.36.4"
requires_python = ">=3.9"
summary = "HTML Template Linter and Formatter"
groups = ["dev"]
dependencies = [
    "click>=8.0.1",
    "colorama>=0.4.4",
    "cssbeautifier>=1.14.4",
    "jsbeautifier>=1.14.4",
    "json5>=0.9.11",
    "pathspec>=0.12",
    "pyyaml>=6",
    "regex>=2023",
    "tomli>=2.0.1; python_version < \"3.11\"",
    "tqdm>=4.62.2",
    "typing-extensions>=3.6.6; python_version < \"3.11\"",
]
files = [
    {file = "djlint-1.36.4-cp313-cp313-macosx_10_13_x86_64.whl", hash = "sha256:ead475013bcac46095b1bbc8cf97ed2f06e83422335734363f8a76b4ba7e47c2"},
    {file = "djlint-1.36.4-cp313-cp313-macosx_11_0_arm64.whl", hash = "sha256:6c601dfa68ea253311deb4a29a7362b7a64933bdfcfb5a06618f3e70ad1fa835"},
    {file = "djlint-1.36.4-cp313-cp313-manylinux_2_17_x86_64.manylinux2014_x86_64.manylinux_2_28_x86_64.whl", hash = "sha256:bda5014f295002363381969864addeb2db13955f1b26e772657c3b273ed7809f"},
    {file = "djlint-1.36.4-cp313-cp313-win_amd64.whl", hash = "sha256:16ce37e085afe5a30953b2bd87cbe34c37843d94c701fc68a2dda06c1e428ff4"},
    {file = "djlint-1.36.4-py3-none-any.whl", hash = "sha256:e9699b8ac3057a6ed04fb90835b89bee954ed1959c01541ce4f8f729c938afdd"},
    {file = "djlint-1.36.4.tar.gz", hash = "sha256:17254f218b46fe5a714b224c85074c099bcb74e3b2e1f15c2ddc2cf415a408a1"},
]

[[package]]
name = "editorconfig"
version = "0.17.1"
requires_python = ">=3.9"
summary = "EditorConfig File Locator and Interpreter for Python"
groups = ["dev"]
files = [
    {file = "editorconfig-0.17.1-py3-none-any.whl", hash = "sha256:1eda9c2c0db8c16dbd50111b710572a5e6de934e39772de1959d41f64fc17c82"},
    {file = "editorconfig-0.17.1.tar.gz", hash = "sha256:23c08b00e8e08cc3adcddb825251c497478df1dada6aefeb01e626ad37303745"},
]

[[package]]
name = "iniconfig"
version = "2.3.0"
requires_python = ">=3.10"
summary = "brain-dead simple config-ini parsing"
groups = ["dev"]
files = [
    {file = "iniconfig-2.3.0-py3-none-any.whl", hash = "sha256:f631c04d2c48c52b84d0d0549c99ff3859c98df65b3101406327ecc7d53fbf12"},
    {file = "iniconfig-2.3.0.tar.gz", hash = "sha256:c76315c77db068650d49c5b56314774a7804df16fee4402c1f19d6d15d8c4730"},
]

[[package]]
name = "jsbeautifier"
version = "1.15.4"
summary = "JavaScript unobfuscator and beautifier."
groups = ["dev"]
dependencies = [
    "editorconfig>=0.12.2",
    "six>=1.13.0",
]
files = [
    {file = "jsbeautifier-1.15.4-py3-none-any.whl", hash = "sha256:72f65de312a3f10900d7685557f84cb61a9733c50dcc27271a39f5b0051bf528"},
    {file = "jsbeautifier-1.15.4.tar.gz", hash = "sha256:5bb18d9efb9331d825735fbc5360ee8f1aac5e52780042803943aa7f854f7592"},
]

[[package]]
name = "json5"
version = "0.13.0"
requires_python = ">=3.8.0"
summary = "A Python implementation of the JSON5 data format."
groups = ["dev"]
files = [
    {file = "json5-0.13.0-py3-none-any.whl", hash = "sha256:9a08e1dd65f6a4d4c6fa82d216cf2477349ec2346a38fd70cc11d2557499fbcc"},
    {file = "json5-0.13.0.tar.gz", hash = "sha256:b1edf8d487721c0bf64d83c28e91280781f6e21f4a797d3261c7c828d4c165bf"},
]

[[package]]
name = "packaging"
version = "25.0"
requires_python = ">=3.8"
summary = "Core utilities for Python packages"
groups = ["dev"]
files = [
    {file = "packaging-25.0-py3-none-any.whl", hash = "sha256:29572ef2b1f17581046b3a2227d5c611fb25ec70ca1ba8554b24b0e69331a484"},
    {file = "packaging-25.0.tar.gz", hash = "sha256:d443872c98d677bf60f6a1f2f8c1cb748e8fe762d2bf9d3148b5599295b0fc4f"},
]

[[package]]
name = "pathspec"
version = "1.0.3"
requires_python = ">=3.9"
summary = "Utility library for gitignore style pattern matching of file paths."
groups = ["dev"]
files = [
    {file = "pathspec-1.0.3-py3-none-any.whl", hash = "sha256:e80767021c1cc524aa3fb14bedda9c34406591343cc42797b386ce7b9354fb6c"},
    {file = "pathspec-1.0.3.tar.gz", hash = "sha256:bac5cf97ae2c2876e2d25ebb15078eb04d76e4b98921ee31c6f85ade8b59444d"},
]

[[package]]
name = "pluggy"
version = "1.6.0"
requires_python = ">=3.9"
summary = "plugin and hook calling mechanisms for python"
groups = ["dev"]
files = [
    {file = "pluggy-1.6.0-py3-none-any.whl", hash = "sha256:e920276dd6813095e9377c0bc5566d94c932c33b27a3e3945d8389c374dd4746"},
    {file = "pluggy-1.6.0.tar.gz", hash = "sha256:7dcc130b76258d33b90f61b658791dede3486c3e6bfb003ee5c9bfb396dd22f3"},
]

[[package]]
name = "pygments"
version = "2.19.2"
requires_python = ">=3.8"
summary = "Pygments is a syntax highlighting package written in Python."
groups = ["dev"]
files = [
    {file = "pygments-2.19.2-py3-none-any.whl", hash = "sha256:86540386c03d588bb81d44bc3928634ff26449851e99741617ecb9037ee5ec0b"},
    {file = "pygments-2.19.2.tar.gz", hash = "sha256:636cb2477cec7f8952536970bc533bc43743542f70392ae026374600add5b887"},
]

[[package]]
name = "pytest"
version = "9.0.2"
requires_python = ">=3.10"
summary = "pytest: simple powerful testing with Python"
groups = ["dev"]
dependencies = [
    "colorama>=0.4; sys_platform == \"win32\"",
    "exceptiongroup>=1; python_version < \"3.11\"",
    "iniconfig>=1.0.1",
    "packaging>=22",
    "pluggy<2,>=1.5",
    "pygments>=2.7.2",
    "tomli>=1; python_version < \"3.11\"",
]
files = [
    {file = "pytest-9.0.2-py3-none-any.whl", hash = "sha256:711ffd45bf766d5264d487b917733b453d917afd2b0ad65223959f59089f875b"},
    {file = "pytest-9.0.2.tar.gz", hash = "sha256:75186651a92bd89611d1d9fc20f0b4345fd827c41ccd5c299a868a05d70edf11"},
]

[[package]]
name = "pytest-django"
version = "4.11.1"
requires_python = ">=3.8"
summary = "A Django plugin for pytest."
groups = ["dev"]
dependencies = [
    "pytest>=7.0.0",
]
files = [
    {file = "pytest_django-4.11.1-py3-none-any.whl", hash = "sha256:1b63773f648aa3d8541000c26929c1ea63934be1cfa674c76436966d73fe6a10"},
    {file = "pytest_django-4.11.1.tar.gz", hash = "sha256:a949141a1ee103cb0e7a20f1451d355f83f5e4a5d07bdd4dcfdd1fd0ff227991"},
]

[[package]]
name = "pyyaml"
version = "6.0.3"
requires_python = ">=3.8"
summary = "YAML parser and emitter for Python"
groups = ["dev"]
files = [
    {file = "pyyaml-6.0.3-cp313-cp313-macosx_10_13_x86_64.whl", hash = "sha256:8da9669d359f02c0b91ccc01cac4a67f16afec0dac22c2ad09f46bee0697eba8"},
    {file = "pyyaml-6.0.3-cp313-cp313-macosx_11_0_arm64.whl", hash = "sha256:2283a07e2c21a2aa78d9c4442724ec1eb15f5e42a723b99cb3d822d48f5f7ad1"},
    {file = "pyyaml-6.0.3-cp313-cp313-manylinux2014_aarch64.manylinux_2_17_aarch64.manylinux_2_28_aarch64.whl", hash = "sha256:ee2922902c45ae8ccada2c5b501ab86c36525b883eff4255313a253a3160861c"},
    {file = "pyyaml-6.0.3-cp313-cp313-manylinux2014_s390x.manylinux_2_17_s390x.manylinux_2_28_s390x.whl", hash = "sha256:a33284e20b78bd4a18c8c2282d549d10bc8408a2a7ff57653c0cf0b9be0afce5"},
    {file = "pyyaml-6.0.3-cp313-cp313-manylinux2014_x86_64.manylinux_2_17_x86_64.manylinux_2_28_x86_64.whl", hash = "sha256:0f29edc409a6392443abf94b9cf89ce99889a1dd5376d94316ae5145dfedd5d6"},
    {file = "pyyaml-6.0.3-cp313-cp313-musllinux_1_2_aarch64.whl", hash = "sha256:f7057c9a337546edc7973c0d3ba84ddcdf0daa14533c2065749c9075001090e6"},
    {file = "pyyaml-6.0.3-cp313-cp313-musllinux_1_2_x86_64.whl", hash = "sha256:eda16858a3cab07b80edaf74336ece1f986ba330fdb8ee0d6c0d68fe82bc96be"},
    {file = "pyyaml-6.0.3-cp313-cp313-win32.whl", hash = "sha256:d0eae10f8159e8fdad514efdc92d74fd8d682c933a6dd088030f3834bc8e6b26"},
    {file = "pyyaml-6.0.3-cp313-cp313-win_amd64.whl", hash = "sha256:79005a0d97d5ddabfeeea4cf676af11e647e41d81c9a7722a193022accdb6b7c"},
    {file = "pyyaml-6.0.3-cp313-cp313-win_arm64.whl", hash = "sha256:5498cd1645aa724a7c71c8f378eb29ebe23da2fc0d7a08071d89469bf1d2defb"},
    {file = "pyyaml-6.0.3-cp314-cp314-macosx_10_13_x86_64.whl", hash = "sha256:8d1fab6bb153a416f9aeb4b8763bc0f22a5586065f86f7664fc23339fc1c1fac"},
    {file = "pyyaml-6.0.3-cp314-cp314-macosx_11_0_arm64.whl", hash = "sha256:34d5fcd24b8445fadc33f9cf348c1047101756fd760b4dacb5c3e99755703310"},
    {file = "pyyaml-6.0.3-cp314-cp314-manylinux2014_aarch64.manylinux_2_17_aarch64.manylinux_2_28_aarch64.whl", hash = "sha256:501a031947e3a9025ed4405a168e6ef5ae3126c59f90ce0cd6f2bfc477be31b7"},
    {file = "pyyaml-6.0.3-cp314-cp314-manylinux2014_s390x.manylinux_2_17_s390x.manylinux_2_28_s390x.whl", hash = "sha256:b3bc83488de33889877a0f2543ade9f70c67d66d9ebb4ac959502e12de895788"},
    {file = "pyyaml-6.0.3-cp314-cp314-manylinux2014_x86_64.manylinux_2_17_x86_64.manylinux_2_28_x86_64.whl", hash = "sha256:c458b6d084f9b935061bc36216e8a69a7e293a2f1e68bf956dcd9e6cbcd143f5"},
    {file = "pyyaml-6.0.3-cp314-cp314-musllinux_1_2_aarch64.whl", hash = "sha256:7c6610def4f163542a622a73fb39f534f8c101d690126992300bf3207eab9764"},
    {file = "pyyaml-6.0.3-cp314-cp314-musllinux_1_2_x86_64.whl", hash = "sha256:5190d403f121660ce8d1d2c1bb2ef1bd05b5f68533fc5c2ea899bd15f4399b35"},
    {file = "pyyaml-6.0.3-cp314-cp314-win_amd64.whl", hash = "sha256:4a2e8cebe2ff6ab7d1050ecd59c25d4c8bd7e6f400f5f82b96557ac0abafd0ac"},
    {file = "pyyaml-6.0.3-cp314-cp314-win_arm64.whl", hash = "sha256:93dda82c9c22deb0a405ea4dc5f2d0cda384168e466364dec6255b293923b2f3"},
    {file = "pyyaml-6.0.3-cp314-cp314t-macosx_10_13_x86_64.whl", hash = "sha256:02893d100e99e03eda1c8fd5c441d8c60103fd175728e23e431db1b589cf5ab3"},
    {file = "pyyaml-6.0.3-cp314-cp314t-macosx_11_0_arm64.whl", hash = "sha256:c1ff362665ae507275af2853520967820d9124984e0f7466736aea23d8611fba"},
    {file = "pyyaml-6.0.3-cp314-cp314t-manylinux2014_aarch64.manylinux_2_17_aarch64.manylinux_2_28_aarch64.whl", hash = "sha256:6adc77889b628398debc7b65c073bcb99c4a0237b248cacaf3fe8a557563ef6c"},
    {file = "pyyaml-6.0.3-cp314-cp314t-manylinux2014_s390x.manylinux_2_17_s390x.manylinux_2_28_s390x.whl", hash = "sha256:a80cb027f6b349846a3bf6d73b5e95e782175e52f22108cfa17876aaeff93702"},
    {file = "pyyaml-6.0.3-cp314-cp314t-manylinux2014_x86_64.manylinux_2_17_x86_64.manylinux_2_28_x86_64.whl", hash = "sha256:00c4bdeba853cc34e7dd471f16b4114f4162dc03e6b7afcc2128711f0eca823c"},
    {file = "pyyaml-6.0.3-cp314-cp314t-musllinux_1_2_aarch64.whl", hash = "sha256:66e1674c3ef6f541c35191caae2d429b967b99e02040f5ba928632d9a7f0f065"},
    {file = "pyyaml-6.0.3-cp314-cp314t-musllinux_1_2_x86_64.whl", hash = "sha256:16249ee61e95f858e83976573de0f5b2893b3677ba71c9dd36b9cf8be9ac6d65"},
    {file = "pyyaml-6.0.3-cp314-cp314t-win_amd64.whl", hash = "sha256:4ad1906908f2f5ae4e5a8ddfce73c320c2a1429ec52eafd27138b7f1cbe341c9"},
    {file = "pyyaml-6.0.3-cp314-cp314t-win_arm64.whl", hash = "sha256:ebc55a14a21cb14062aa4162f906cd962b28e2e9ea38f9b4391244cd8de4ae0b"},
    {file = "pyyaml-6.0.3.tar.gz", hash = "sha256:d76623373421df22fb4cf8817020cbb7ef15c725b9d5e45f17e189bfc384190f"},
]

[[package]]
name = "regex"
version = "2026.1.15"
requires_python = ">=3.9"
summary = "Alternative regular expression module, to replace re."
groups = ["dev"]
files = [
    {file = "regex-2026.1.15-cp313-cp313-macosx_10_13_universal2.whl", hash = "sha256:e69d0deeb977ffe7ed3d2e4439360089f9c3f217ada608f0f88ebd67afb6385e"},
    {file = "regex-2026.1.15-cp313-cp313-macosx_10_13_x86_64.whl", hash = "sha256:3601ffb5375de85a16f407854d11cca8fe3f5febbe3ac78fb2866bb220c74d10"},
    {file = "regex-2026.1.15-cp313-cp313-macosx_11_0_arm64.whl", hash = "sha256:4c5ef43b5c2d4114eb8ea424bb8c9cec01d5d17f242af88b2448f5ee81caadbc"},
    {file = "regex-2026.1.15-cp313-cp313-manylinux2014_aarch64.manylinux_2_17_aarch64.manylinux_2_28_aarch64.whl", hash = "sha256:968c14d4f03e10b2fd960f1d5168c1f0ac969381d3c1fcc973bc45fb06346599"},
    {file = "regex-2026.1.15-cp313-cp313-manylinux2014_ppc64le.manylinux_2_17_ppc64le.manylinux_2_28_ppc64le.whl", hash = "sha256:56a5595d0f892f214609c9f76b41b7428bed439d98dc961efafdd1354d42baae"},
    {file = "regex-2026.1.15-cp313-cp313-manylinux2014_s390x.manylinux_2_17_s390x.manylinux_2_28_s390x.whl", hash = "sha256:0bf650f26087363434c4e560011f8e4e738f6f3e029b85d4904c50135b86cfa5"},
    {file = "regex-2026.1.15-cp313-cp313-manylinux2014_x86_64.manylinux_2_17_x86_64.manylinux_2_28_x86_64.whl", hash = "sha256:18388a62989c72ac24de75f1449d0fb0b04dfccd0a1a7c1c43af5eb503d890f6"},
    {file = "regex-2026.1.15-cp313-cp313-manylinux_2_31_riscv64.manylinux_2_39_riscv64.whl", hash = "sha256:6d220a2517f5893f55daac983bfa9fe998a7dbcaee4f5d27a88500f8b7873788"},
    {file = "regex-2026.1.15-cp313-cp313-musllinux_1_2_aarch64.whl", hash = "sha256:c9c08c2fbc6120e70abff5d7f28ffb4d969e14294fb2143b4b5c7d20e46d1714"},
    {file = "regex-2026.1.15-cp313-cp313-musllinux_1_2_ppc64le.whl", hash = "sha256:7ef7d5d4bd49ec7364315167a4134a015f61e8266c6d446fc116a9ac4456e10d"},
    {file = "regex-2026.1.15-cp313-cp313-musllinux_1_2_riscv64.whl", hash = "sha256:6e42844ad64194fa08d5ccb75fe6a459b9b08e6d7296bd704460168d58a388f3"},
    {file = "regex-2026.1.15-cp313-cp313-musllinux_1_2_s390x.whl", hash = "sha256:cfecdaa4b19f9ca534746eb3b55a5195d5c95b88cac32a205e981ec0a22b7d31"},
    {file = "regex-2026.1.15-cp313-cp313-musllinux_1_2_x86_64.whl", hash = "sha256:08df9722d9b87834a3d701f3fca570b2be115654dbfd30179f30ab2f39d606d3"},
    {file = "regex-2026.1.15-cp313-cp313-win32.whl", hash = "sha256:d426616dae0967ca225ab12c22274eb816558f2f99ccb4a1d52ca92e8baf180f"},
    {file = "regex-2026.1.15-cp313-cp313-win_amd64.whl", hash = "sha256:febd38857b09867d3ed3f4f1af7d241c5c50362e25ef43034995b77a50df494e"},
    {file = "regex-2026.1.15-cp313-cp313-win_arm64.whl", hash = "sha256:8e32f7896f83774f91499d239e24cebfadbc07639c1494bb7213983842348337"},
    {file = "regex-2026.1.15-cp313-cp313t-macosx_10_13_universal2.whl", hash = "sha256:ec94c04149b6a7b8120f9f44565722c7ae31b7a6d2275569d2eefa76b83da3be"},
    {file = "regex-2026.1.15-cp313-cp313t-macosx_10_13_x86_64.whl", hash = "sha256:40c86d8046915bb9aeb15d3f3f15b6fd500b8ea4485b30e1bbc799dab3fe29f8"},
    {file = "regex-2026.1.15-cp313-cp313t-macosx_11_0_arm64.whl", hash = "sha256:726ea4e727aba21643205edad8f2187ec682d3305d790f73b7a51c7587b64bdd"},
    {file = "regex-2026.1.15-cp313-cp313t-manylinux2014_aarch64.manylinux_2_17_aarch64.manylinux_2_28_aarch64.whl", hash = "sha256:1cb740d044aff31898804e7bf1181cc72c03d11dfd19932b9911ffc19a79070a"},
    {file = "regex-2026.1.15-cp313-cp313t-manylinux2014_ppc64le.manylinux_2_17_ppc64le.manylinux_2_28_ppc64le.whl", hash = "sha256:05d75a668e9ea16f832390d22131fe1e8acc8389a694c8febc3e340b0f810b93"},
    {file = "regex-2026.1.15-cp313-cp313t-manylinux2014_s390x.manylinux_2_17_s390x.manylinux_2_28_s390x.whl", hash = "sha256:d991483606f3dbec93287b9f35596f41aa2e92b7c2ebbb935b63f409e243c9af"},
    {file = "regex-2026.1.15-cp313-cp313t-manylinux2014_x86_64.manylinux_2_17_x86_64.manylinux_2_28_x86_64.whl", hash = "sha256:194312a14819d3e44628a44ed6fea6898fdbecb0550089d84c403475138d0a09"},
    {file = "regex-2026.1.15-cp313-cp313t-manylinux_2_31_riscv64.manylinux_2_39_riscv64.whl", hash = "sha256:fe2fda4110a3d0bc163c2e0664be44657431440722c5c5315c65155cab92f9e5"},
    {file = "regex-2026.1.15-cp313-cp313t-musllinux_1_2_aarch64.whl", hash = "sha256:124dc36c85d34ef2d9164da41a53c1c8c122cfb1f6e1ec377a1f27ee81deb794"},
    {file = "regex-2026.1.15-cp313-cp313t-musllinux_1_2_ppc64le.whl", hash = "sha256:a1774cd1981cd212506a23a14dba7fdeaee259f5deba2df6229966d9911e767a"},
    {file = "regex-2026.1.15-cp313-cp313t-musllinux_1_2_riscv64.whl", hash = "sha256:b5f7d8d2867152cdb625e72a530d2ccb48a3d199159144cbdd63870882fb6f80"},
    {file = "regex-2026.1.15-cp313-cp313t-musllinux_1_2_s390x.whl", hash = "sha256:492534a0ab925d1db998defc3c302dae3616a2fc3fe2e08db1472348f096ddf2"},
    {file = "regex-2026.1.15-cp313-cp313t-musllinux_1_2_x86_64.whl", hash = "sha256:c661fc820cfb33e166bf2450d3dadbda47c8d8981898adb9b6fe24e5e582ba60"},
    {file = "regex-2026.1.15-cp313-cp313t-win32.whl", hash = "sha256:99ad739c3686085e614bf77a508e26954ff1b8f14da0e3765ff7abbf7799f952"},
    {file = "regex-2026.1.15-cp313-cp313t-win_amd64.whl", hash = "sha256:32655d17905e7ff8ba5c764c43cb124e34a9245e45b83c22e81041e1071aee10"},
    {file = "regex-2026.1.15-cp313-cp313t-win_arm64.whl", hash = "sha256:b2a13dd6a95e95a489ca242319d18fc02e07ceb28fa9ad146385194d95b3c829"},
    {file = "regex-2026.1.15-cp314-cp314-macosx_10_13_universal2.whl", hash = "sha256:d920392a6b1f353f4aa54328c867fec3320fa50657e25f64abf17af054fc97ac"},
    {file = "regex-2026.1.15-cp314-cp314-macosx_10_13_x86_64.whl", hash = "sha256:b5a28980a926fa810dbbed059547b02783952e2efd9c636412345232ddb87ff6"},
    {file = "regex-2026.1.15-cp314-cp314-macosx_11_0_arm64.whl", hash = "sha256:621f73a07595d83f28952d7bd1e91e9d1ed7625fb7af0064d3516674ec93a2a2"},
    {file = "regex-2026.1.15-cp314-cp314-manylinux2014_aarch64.manylinux_2_17_aarch64.manylinux_2_28_aarch64.whl", hash = "sha256:3d7d92495f47567a9b1669c51fc8d6d809821849063d168121ef801bbc213846"},
    {file = "regex-2026.1.15-cp314-cp314-manylinux2014_ppc64le.manylinux_2_17_ppc64le.manylinux_2_28_ppc64le.whl", hash = "sha256:8dd16fba2758db7a3780a051f245539c4451ca20910f5a5e6ea1c08d06d4a76b"},
    {file = "regex-2026.1.15-cp314-cp314-manylinux2014_s390x.manylinux_2_17_s390x.manylinux_2_28_s390x.whl", hash = "sha256:1e1808471fbe44c1a63e5f577a1d5f02fe5d66031dcbdf12f093ffc1305a858e"},
    {file = "regex-2026.1.15-cp314-cp314-manylinux2014_x86_64.manylinux_2_17_x86_64.manylinux_2_28_x86_64.whl", hash = "sha256:0751a26ad39d4f2ade8fe16c59b2bf5cb19eb3d2cd543e709e583d559bd9efde"},
    {file = "regex-2026.1.15-cp314-cp314-manylinux_2_31_riscv64.manylinux_2_39_riscv64.whl", hash = "sha256:0f0c7684c7f9ca241344ff95a1de964f257a5251968484270e91c25a755532c5"},
    {file = "regex-2026.1.15-cp314-cp314-musllinux_1_2_aarch64.whl", hash = "sha256:74f45d170a21df41508cb67165456538425185baaf686281fa210d7e729abc34"},
    {file = "regex-2026.1.15-cp314-cp314-musllinux_1_2_ppc64le.whl", hash = "sha256:f1862739a1ffb50615c0fde6bae6569b5efbe08d98e59ce009f68a336f64da75"},
    {file = "regex-2026.1.15-cp314-cp314-musllinux_1_2_riscv64.whl", hash = "sha256:453078802f1b9e2b7303fb79222c054cb18e76f7bdc220f7530fdc85d319f99e"},
    {file = "regex-2026.1.15-cp314-cp314-musllinux_1_2_s390x.whl", hash = "sha256:a30a68e89e5a218b8b23a52292924c1f4b245cb0c68d1cce9aec9bbda6e2c160"},
    {file = "regex-2026.1.15-cp314-cp314-musllinux_1_2_x86_64.whl", hash = "sha256:9479cae874c81bf610d72b85bb681a94c95722c127b55445285fb0e2c82db8e1"},
    {file = "regex-2026.1.15-cp314-cp314-win32.whl", hash = "sha256:d639a750223132afbfb8f429c60d9d318aeba03281a5f1ab49f877456448dcf1"},
    {file = "regex-2026.1.15-cp314-cp314-win_amd64.whl", hash = "sha256:4161d87f85fa831e31469bfd82c186923070fc970b9de75339b68f0c75b51903"},
    {file = "regex-2026.1.15-cp314-cp314-win_arm64.whl", hash = "sha256:91c5036ebb62663a6b3999bdd2e559fd8456d17e2b485bf509784cd31a8b1705"},
    {file = "regex-2026.1.15-cp314-cp314t-macosx_10_13_universal2.whl", hash = "sha256:ee6854c9000a10938c79238de2379bea30c82e4925a371711af45387df35cab8"},
    {file = "regex-2026.1.15-cp314-cp314t-macosx_10_13_x86_64.whl", hash = "sha256:2c2b80399a422348ce5de4fe40c418d6299a0fa2803dd61dc0b1a2f28e280fcf"},
    {file = "regex-2026.1.15-cp314-cp314t-macosx_11_0_arm64.whl", hash = "sha256:dca3582bca82596609959ac39e12b7dad98385b4fefccb1151b937383cec547d"},
    {file = "regex-2026.1.15-cp314-cp314t-manylinux2014_aarch64.manylinux_2_17_aarch64.manylinux_2_28_aarch64.whl", hash = "sha256:ef71d476caa6692eea743ae5ea23cde3260677f70122c4d258ca952e5c2d4e84"},
    {file = "regex-2026.1.15-cp314-cp314t-manylinux2014_ppc64le.manylinux_2_17_ppc64le.manylinux_2_28_ppc64le.whl", hash = "sha256:c243da3436354f4af6c3058a3f81a97d47ea52c9bd874b52fd30274853a1d5df"},
    {file = "regex-2026.1.15-cp314-cp314t-manylinux2014_s390x.manylinux_2_17_s390x.manylinux_2_28_s390x.whl", hash = "sha256:8355ad842a7c7e9e5e55653eade3b7d1885ba86f124dd8ab1f722f9be6627434"},
    {file = "regex-2026.1.15-cp314-cp314t-manylinux2014_x86_64.manylinux_2_17_x86_64.manylinux_2_28_x86_64.whl", hash = "sha256:f192a831d9575271a22d804ff1a5355355723f94f31d9eef25f0d45a152fdc1a"},
    {file = "regex-2026.1.15-cp314-cp314t-manylinux_2_31_riscv64.manylinux_2_39_riscv64.whl", hash = "sha256:166551807ec20d47ceaeec380081f843e88c8949780cd42c40f18d16168bed10"},
    {file = "regex-2026.1.15-cp314-cp314t-musllinux_1_2_aarch64.whl", hash = "sha256:f9ca1cbdc0fbfe5e6e6f8221ef2309988db5bcede52443aeaee9a4ad555e0dac"},
    {file = "regex-2026.1.15-cp314-cp314t-musllinux_1_2_ppc64le.whl", hash = "sha256:b30bcbd1e1221783c721483953d9e4f3ab9c5d165aa709693d3f3946747b1aea"},
    {file = "regex-2026.1.15-cp314-cp314t-musllinux_1_2_riscv64.whl", hash = "sha256:2a8d7b50c34578d0d3bf7ad58cde9652b7d683691876f83aedc002862a35dc5e"},
    {file = "regex-2026.1.15-cp314-cp314t-musllinux_1_2_s390x.whl", hash = "sha256:9d787e3310c6a6425eb346be4ff2ccf6eece63017916fd77fe8328c57be83521"},
    {file = "regex-2026.1.15-cp314-cp314t-musllinux_1_2_x86_64.whl", hash = "sha256:619843841e220adca114118533a574a9cd183ed8a28b85627d2844c500a2b0db"},
    {file = "regex-2026.1.15-cp314-cp314t-win32.whl", hash = "sha256:e90b8db97f6f2c97eb045b51a6b2c5ed69cedd8392459e0642d4199b94fabd7e"},
    {file = "regex-2026.1.15-cp314-cp314t-win_amd64.whl", hash = "sha256:5ef19071f4ac9f0834793af85bd04a920b4407715624e40cb7a0631a11137cdf"},
    {file = "regex-2026.1.15-cp314-cp314t-win_arm64.whl", hash = "sha256:ca89c5e596fc05b015f27561b3793dc2fa0917ea0d7507eebb448efd35274a70"},
    {file = "regex-2026.1.15.tar.gz", hash = "sha256:164759aa25575cbc0651bef59a0b18353e54300d79ace8084c818ad8ac72b7d5"},
]

[[package]]
name = "ruff"
version = "0.14.13"
requires_python = ">=3.7"
summary = "An extremely fast Python linter and code formatter, written in Rust."
groups = ["dev"]
files = [
    {file = "ruff-0.14.13-py3-none-linux_armv6l.whl", hash = "sha256:76f62c62cd37c276cb03a275b198c7c15bd1d60c989f944db08a8c1c2dbec18b"},
    {file = "ruff-0.14.13-py3-none-macosx_10_12_x86_64.whl", hash = "sha256:914a8023ece0528d5cc33f5a684f5f38199bbb566a04815c2c211d8f40b5d0ed"},
    {file = "ruff-0.14.13-py3-none-macosx_11_0_arm64.whl", hash = "sha256:d24899478c35ebfa730597a4a775d430ad0d5631b8647a3ab368c29b7e7bd063"},
    {file = "ruff-0.14.13-py3-none-manylinux_2_17_aarch64.manylinux2014_aarch64.whl", hash = "sha256:9aaf3870f14d925bbaf18b8a2347ee0ae7d95a2e490e4d4aea6813ed15ebc80e"},
    {file = "ruff-0.14.13-py3-none-manylinux_2_17_armv7l.manylinux2014_armv7l.whl", hash = "sha256:ac5b7f63dd3b27cc811850f5ffd8fff845b00ad70e60b043aabf8d6ecc304e09"},
    {file = "ruff-0.14.13-py3-none-manylinux_2_17_i686.manylinux2014_i686.whl", hash = "sha256:78d2b1097750d90ba82ce4ba676e85230a0ed694178ca5e61aa9b459970b3eb9"},
    {file = "ruff-0.14.13-py3-none-manylinux_2_17_ppc64.manylinux2014_ppc64.whl", hash = "sha256:7d0bf87705acbbcb8d4c24b2d77fbb73d40210a95c3903b443cd9e30824a5032"},
    {file = "ruff-0.14.13-py3-none-manylinux_2_17_ppc64le.manylinux2014_ppc64le.whl", hash = "sha256:a3eb5da8e2c9e9f13431032fdcbe7681de9ceda5835efee3269417c13f1fed5c"},
    {file = "ruff-0.14.13-py3-none-manylinux_2_17_s390x.manylinux2014_s390x.whl", hash = "sha256:642442b42957093811cd8d2140dfadd19c7417030a7a68cf8d51fcdd5f217427"},
    {file = "ruff-0.14.13-py3-none-manylinux_2_17_x86_64.manylinux2014_x86_64.whl", hash = "sha256:4acdf009f32b46f6e8864af19cbf6841eaaed8638e65c8dac845aea0d703c841"},
    {file = "ruff-0.14.13-py3-none-manylinux_2_31_riscv64.whl", hash = "sha256:591a7f68860ea4e003917d19b5c4f5ac39ff558f162dc753a2c5de897fd5502c"},
    {file = "ruff-0.14.13-py3-none-musllinux_1_2_aarch64.whl", hash = "sha256:774c77e841cc6e046fc3e91623ce0903d1cd07e3a36b1a9fe79b81dab3de506b"},
    {file = "ruff-0.14.13-py3-none-musllinux_1_2_armv7l.whl", hash = "sha256:61f4e40077a1248436772bb6512db5fc4457fe4c49e7a94ea7c5088655dd21ae"},
    {file = "ruff-0.14.13-py3-none-musllinux_1_2_i686.whl", hash = "sha256:6d02f1428357fae9e98ac7aa94b7e966fd24151088510d32cf6f902d6c09235e"},
    {file = "ruff-0.14.13-py3-none-musllinux_1_2_x86_64.whl", hash = "sha256:e399341472ce15237be0c0ae5fbceca4b04cd9bebab1a2b2c979e015455d8f0c"},
    {file = "ruff-0.14.13-py3-none-win32.whl", hash = "sha256:ef720f529aec113968b45dfdb838ac8934e519711da53a0456038a0efecbd680"},
    {file = "ruff-0.14.13-py3-none-win_amd64.whl", hash = "sha256:6070bd026e409734b9257e03e3ef18c6e1a216f0435c6751d7a8ec69cb59abef"},
    {file = "ruff-0.14.13-py3-none-win_arm64.whl", hash = "sha256:7ab819e14f1ad9fe39f246cfcc435880ef7a9390d81a2b6ac7e01039083dd247"},
    {file = "ruff-0.14.13.tar.gz", hash = "sha256:83cd6c0763190784b99650a20fec7633c59f6ebe41c5cc9d45ee42749563ad47"},
]

[[package]]
name = "six"
version = "1.17.0"
requires_python = "!=3.0.*,!=3.1.*,!=3.2.*,>=2.7"
summary = "Python 2 and 3 compatibility utilities"
groups = ["dev"]
files = [
    {file = "six-1.17.0-py2.py3-none-any.whl", hash = "sha256:4721f391ed90541fddacab5acf947aa0d3dc7d27b2e1e8eda2be8970586c3274"},
    {file = "six-1.17.0.tar.gz", hash = "sha256:ff70335d468e7eb6ec65b95b99d3a2836546063f63acc5171de367e834932a81"},
]

[[package]]
name = "sqlparse"
version = "0.5.5"
requires_python = ">=3.8"
summary = "A non-validating SQL parser."
groups = ["default"]
files = [
    {file = "sqlparse-0.5.5-py3-none-any.whl", hash = "sha256:12a08b3bf3eec877c519589833aed092e2444e68240a3577e8e26148acc7b1ba"},
    {file = "sqlparse-0.5.5.tar.gz", hash = "sha256:e20d4a9b0b8585fdf63b10d30066c7c94c5d7a7ec47c889a2d83a3caa93ff28e"},
]

[[package]]
name = "tqdm"
version = "4.67.1"
requires_python = ">=3.7"
summary = "Fast, Extensible Progress Meter"
groups = ["dev"]
dependencies = [
    "colorama; platform_system == \"Windows\"",
]
files = [
    {file = "tqdm-4.67.1-py3-none-any.whl", hash = "sha256:26445eca388f82e72884e0d580d5464cd801a3ea01e63e5601bdff9ba6a48de2"},
    {file = "tqdm-4.67.1.tar.gz", hash = "sha256:f8aef9c52c08c13a65f30ea34f4e5aac3fd1a34959879d7e59e63027286627f2"},
]

[[package]]
name = "tzdata"
version = "2025.3"
requires_python = ">=2"
summary = "Provider of IANA time zone data"
groups = ["default"]
marker = "sys_platform == \"win32\""
files = [
    {file = "tzdata-2025.3-py2.py3-none-any.whl", hash = "sha256:06a47e5700f3081aab02b2e513160914ff0694bce9947d6b76ebd6bf57cfc5d1"},
    {file = "tzdata-2025.3.tar.gz", hash = "sha256:de39c2ca5dc7b0344f2eba86f49d614019d29f060fc4ebc8a417896a620b56a7"},
]
